
Microsoft Visual Studio Solution File, Format Version 12.00
# Visual Studio Version 16
VisualStudioVersion = 16.0.29911.84
MinimumVisualStudioVersion = 10.0.40219.1
Project("{FAE04EC0-301F-11D3-BF4B-00C04F79EFBC}") = "RingSoft.DbLookup", "RingSoft.DbLookup\RingSoft.DbLookup.csproj", "{F5EA8CC1-689C-4254-954E-916D7B225DAB}"
EndProject
Project("{FAE04EC0-301F-11D3-BF4B-00C04F79EFBC}") = "RingSoft.DbMaintenance", "RingSoft.DbMaintenance\RingSoft.DbMaintenance.csproj", "{4F1B5F60-1F33-49A4-B903-9B0AD53D8752}"
EndProject
Global
	GlobalSection(SolutionConfigurationPlatforms) = preSolution
		Debug|Any CPU = Debug|Any CPU
		Release|Any CPU = Release|Any CPU
	EndGlobalSection
	GlobalSection(ProjectConfigurationPlatforms) = postSolution
		{F5EA8CC1-689C-4254-954E-916D7B225DAB}.Debug|Any CPU.ActiveCfg = Debug|Any CPU
		{F5EA8CC1-689C-4254-954E-916D7B225DAB}.Debug|Any CPU.Build.0 = Debug|Any CPU
		{F5EA8CC1-689C-4254-954E-916D7B225DAB}.Release|Any CPU.ActiveCfg = Release|Any CPU
		{F5EA8CC1-689C-4254-954E-916D7B225DAB}.Release|Any CPU.Build.0 = Release|Any CPU
		{4F1B5F60-1F33-49A4-B903-9B0AD53D8752}.Debug|Any CPU.ActiveCfg = Debug|Any CPU
		{4F1B5F60-1F33-49A4-B903-9B0AD53D8752}.Debug|Any CPU.Build.0 = Debug|Any CPU
		{4F1B5F60-1F33-49A4-B903-9B0AD53D8752}.Release|Any CPU.ActiveCfg = Release|Any CPU
		{4F1B5F60-1F33-49A4-B903-9B0AD53D8752}.Release|Any CPU.Build.0 = Release|Any CPU
	EndGlobalSection
	GlobalSection(SolutionProperties) = preSolution
		HideSolutionNode = FALSE
	EndGlobalSection
	GlobalSection(ExtensibilityGlobals) = postSolution
		SolutionGuid = {43A43165-FB25-4478-9D85-1924212183E6}
	EndGlobalSection
EndGlobal
